
Microsoft Visual Studio Solution File, Format Version 12.00
# Visual Studio 2013
VisualStudioVersion = 12.0.21005.1
MinimumVisualStudioVersion = 10.0.40219.1
Project("{8BC9CEB8-8B4A-11D0-8D11-00A0C91BC942}") = "2020-- 11 -26", "2020-- 11 -26\2020-- 11 -26.vcxproj", "{835C37DB-6AA1-4711-B5B1-D5D4A7BED861}"
EndProject
Global
	GlobalSection(SolutionConfigurationPlatforms) = preSolution
		Debug|Win32 = Debug|Win32
		Release|Win32 = Release|Win32
	EndGlobalSection
	GlobalSection(ProjectConfigurationPlatforms) = postSolution
		{835C37DB-6AA1-4711-B5B1-D5D4A7BED861}.Debug|Win32.ActiveCfg = Debug|Win32
		{835C37DB-6AA1-4711-B5B1-D5D4A7BED861}.Debug|Win32.Build.0 = Debug|Win32
		{835C37DB-6AA1-4711-B5B1-D5D4A7BED861}.Release|Win32.ActiveCfg = Release|Win32
		{835C37DB-6AA1-4711-B5B1-D5D4A7BED861}.Release|Win32.Build.0 = Release|Win32
	EndGlobalSection
	GlobalSection(SolutionProperties) = preSolution
		HideSolutionNode = FALSE
	EndGlobalSection
EndGlobal
